
Microsoft Visual Studio Solution File, Format Version 12.00
# Visual Studio 15
VisualStudioVersion = 15.0.26923.0
MinimumVisualStudioVersion = 10.0.40219.1
Project("{9A19103F-16F7-4668-BE54-9A1E7A4F7556}") = "timey", "src\timey\timey.csproj", "{3903E32C-6091-4019-BCCC-AD11E11AFD2C}"
EndProject
Project("{FAE04EC0-301F-11D3-BF4B-00C04F79EFBC}") = "timey.Tests", "src\timey.Tests\timey.Tests.csproj", "{6D35E8C7-1E65-412B-9BA3-7EA71F3316FD}"
EndProject
Global
	GlobalSection(SolutionConfigurationPlatforms) = preSolution
		Debug|Any CPU = Debug|Any CPU
		Release|Any CPU = Release|Any CPU
	EndGlobalSection
	GlobalSection(ProjectConfigurationPlatforms) = postSolution
		{3903E32C-6091-4019-BCCC-AD11E11AFD2C}.Debug|Any CPU.ActiveCfg = Debug|Any CPU
		{3903E32C-6091-4019-BCCC-AD11E11AFD2C}.Debug|Any CPU.Build.0 = Debug|Any CPU
		{3903E32C-6091-4019-BCCC-AD11E11AFD2C}.Release|Any CPU.ActiveCfg = Release|Any CPU
		{3903E32C-6091-4019-BCCC-AD11E11AFD2C}.Release|Any CPU.Build.0 = Release|Any CPU
		{6D35E8C7-1E65-412B-9BA3-7EA71F3316FD}.Debug|Any CPU.ActiveCfg = Debug|Any CPU
		{6D35E8C7-1E65-412B-9BA3-7EA71F3316FD}.Debug|Any CPU.Build.0 = Debug|Any CPU
		{6D35E8C7-1E65-412B-9BA3-7EA71F3316FD}.Release|Any CPU.ActiveCfg = Release|Any CPU
		{6D35E8C7-1E65-412B-9BA3-7EA71F3316FD}.Release|Any CPU.Build.0 = Release|Any CPU
	EndGlobalSection
	GlobalSection(SolutionProperties) = preSolution
		HideSolutionNode = FALSE
	EndGlobalSection
	GlobalSection(ExtensibilityGlobals) = postSolution
		SolutionGuid = {5BBA27C9-EA6C-4F66-8F49-3A5B32B48172}
	EndGlobalSection
EndGlobal
